
Microsoft Visual Studio Solution File, Format Version 12.00
# Visual Studio Version 17
VisualStudioVersion = 17.11.35222.181
MinimumVisualStudioVersion = 10.0.40219.1
Project("{FAE04EC0-301F-11D3-BF4B-00C04F79EFBC}") = "Monogame.Fluent", "Monogame.Fluent\Monogame.Fluent.csproj", "{0C861920-CE0C-4D3C-A025-5679ED6E569F}"
EndProject
Project("{FAE04EC0-301F-11D3-BF4B-00C04F79EFBC}") = "Monogame.Fluent.Examples", "Monogame.Fluent.Examples\Monogame.Fluent.Examples.csproj", "{B644E0F1-C52E-4623-915C-6F5861264D7B}"
EndProject
Global
	GlobalSection(SolutionConfigurationPlatforms) = preSolution
		Debug|Any CPU = Debug|Any CPU
		Release|Any CPU = Release|Any CPU
	EndGlobalSection
	GlobalSection(ProjectConfigurationPlatforms) = postSolution
		{0C861920-CE0C-4D3C-A025-5679ED6E569F}.Debug|Any CPU.ActiveCfg = Debug|Any CPU
		{0C861920-CE0C-4D3C-A025-5679ED6E569F}.Debug|Any CPU.Build.0 = Debug|Any CPU
		{0C861920-CE0C-4D3C-A025-5679ED6E569F}.Release|Any CPU.ActiveCfg = Release|Any CPU
		{0C861920-CE0C-4D3C-A025-5679ED6E569F}.Release|Any CPU.Build.0 = Release|Any CPU
		{B644E0F1-C52E-4623-915C-6F5861264D7B}.Debug|Any CPU.ActiveCfg = Debug|Any CPU
		{B644E0F1-C52E-4623-915C-6F5861264D7B}.Debug|Any CPU.Build.0 = Debug|Any CPU
		{B644E0F1-C52E-4623-915C-6F5861264D7B}.Release|Any CPU.ActiveCfg = Release|Any CPU
		{B644E0F1-C52E-4623-915C-6F5861264D7B}.Release|Any CPU.Build.0 = Release|Any CPU
	EndGlobalSection
	GlobalSection(SolutionProperties) = preSolution
		HideSolutionNode = FALSE
	EndGlobalSection
	GlobalSection(ExtensibilityGlobals) = postSolution
		SolutionGuid = {16B4E147-0830-4DC3-AF2D-052F64418ACC}
	EndGlobalSection
EndGlobal
